// !$*UTF8*$!
{
	archiveVersion = 1;
	classes = {
	};
	objectVersion = 56;
	objects = {

/* Begin PBXBuildFile section */
		DD8645D42AD46B0800AE4D0F /* DashboardView.swift in Sources */ = {isa = PBXBuildFile; fileRef = DD8645D32AD46B0800AE4D0F /* DashboardView.swift */; };
		DDA4B31B2AF0779700B6E9C0 /* ClockworkApp.swift in Sources */ = {isa = PBXBuildFile; fileRef = DDA4B31A2AF0779700B6E9C0 /* ClockworkApp.swift */; };
		DDA4B31D2AF08AF500B6E9C0 /* RoutineStepCreationView.swift in Sources */ = {isa = PBXBuildFile; fileRef = DDA4B31C2AF08AF500B6E9C0 /* RoutineStepCreationView.swift */; };
		DDA4B31F2AF090F700B6E9C0 /* RoutineStepRowView.swift in Sources */ = {isa = PBXBuildFile; fileRef = DDA4B31E2AF090F700B6E9C0 /* RoutineStepRowView.swift */; };
		DDA4B3212AF2AF7000B6E9C0 /* Login2.swift in Sources */ = {isa = PBXBuildFile; fileRef = DDA4B3202AF2AF7000B6E9C0 /* Login2.swift */; };
		DDA617F62AE1ED93009C4EFA /* AccountView.swift in Sources */ = {isa = PBXBuildFile; fileRef = DDA617F52AE1ED93009C4EFA /* AccountView.swift */; };
		DDA617FC2AE1F2C4009C4EFA /* RoutineStep.swift in Sources */ = {isa = PBXBuildFile; fileRef = DDA617FB2AE1F2C4009C4EFA /* RoutineStep.swift */; };
		DDA618002AECB22B009C4EFA /* ClockworkTabView.swift in Sources */ = {isa = PBXBuildFile; fileRef = DDA617FF2AECB22B009C4EFA /* ClockworkTabView.swift */; };
		DDA618022AECB31E009C4EFA /* MorningRoutineView.swift in Sources */ = {isa = PBXBuildFile; fileRef = DDA618012AECB31E009C4EFA /* MorningRoutineView.swift */; };
		DDA618042AECB34C009C4EFA /* NightRoutineView.swift in Sources */ = {isa = PBXBuildFile; fileRef = DDA618032AECB34C009C4EFA /* NightRoutineView.swift */; };
		DDBA343E2A6ECF7700114F84 /* ContentView.swift in Sources */ = {isa = PBXBuildFile; fileRef = DDBA343D2A6ECF7700114F84 /* ContentView.swift */; };
		DDBA34402A6ECF7900114F84 /* Assets.xcassets in Resources */ = {isa = PBXBuildFile; fileRef = DDBA343F2A6ECF7900114F84 /* Assets.xcassets */; };
		DDBA34442A6ECF7900114F84 /* Preview Assets.xcassets in Resources */ = {isa = PBXBuildFile; fileRef = DDBA34432A6ECF7900114F84 /* Preview Assets.xcassets */; };
		DDBA344E2A6ECF7900114F84 /* ClockworkTests.swift in Sources */ = {isa = PBXBuildFile; fileRef = DDBA344D2A6ECF7900114F84 /* ClockworkTests.swift */; };
		DDBA34582A6ECF7900114F84 /* ClockworkUITests.swift in Sources */ = {isa = PBXBuildFile; fileRef = DDBA34572A6ECF7900114F84 /* ClockworkUITests.swift */; };
		DDBA345A2A6ECF7900114F84 /* ClockworkUITestsLaunchTests.swift in Sources */ = {isa = PBXBuildFile; fileRef = DDBA34592A6ECF7900114F84 /* ClockworkUITestsLaunchTests.swift */; };
		DDBA349E2A72C6A500114F84 /* Login1View.swift in Sources */ = {isa = PBXBuildFile; fileRef = DDBA349D2A72C6A500114F84 /* Login1View.swift */; };
/* End PBXBuildFile section */

/* Begin PBXContainerItemProxy section */
		DDBA344A2A6ECF7900114F84 /* PBXContainerItemProxy */ = {
			isa = PBXContainerItemProxy;
			containerPortal = DDBA34302A6ECF7700114F84 /* Project object */;
			proxyType = 1;
			remoteGlobalIDString = DDBA34372A6ECF7700114F84;
			remoteInfo = Clockwork;
		};
		DDBA34542A6ECF7900114F84 /* PBXContainerItemProxy */ = {
			isa = PBXContainerItemProxy;
			containerPortal = DDBA34302A6ECF7700114F84 /* Project object */;
			proxyType = 1;
			remoteGlobalIDString = DDBA34372A6ECF7700114F84;
			remoteInfo = Clockwork;
		};
/* End PBXContainerItemProxy section */

/* Begin PBXFileReference section */
		DD8645D32AD46B0800AE4D0F /* DashboardView.swift */ = {isa = PBXFileReference; lastKnownFileType = sourcecode.swift; path = DashboardView.swift; sourceTree = "<group>"; };
		DDA4B31A2AF0779700B6E9C0 /* ClockworkApp.swift */ = {isa = PBXFileReference; lastKnownFileType = sourcecode.swift; path = ClockworkApp.swift; sourceTree = "<group>"; };
		DDA4B31C2AF08AF500B6E9C0 /* RoutineStepCreationView.swift */ = {isa = PBXFileReference; lastKnownFileType = sourcecode.swift; path = RoutineStepCreationView.swift; sourceTree = "<group>"; };
		DDA4B31E2AF090F700B6E9C0 /* RoutineStepRowView.swift */ = {isa = PBXFileReference; lastKnownFileType = sourcecode.swift; path = RoutineStepRowView.swift; sourceTree = "<group>"; };
		DDA4B3202AF2AF7000B6E9C0 /* Login2.swift */ = {isa = PBXFileReference; lastKnownFileType = sourcecode.swift; path = Login2.swift; sourceTree = "<group>"; };
		DDA617F52AE1ED93009C4EFA /* AccountView.swift */ = {isa = PBXFileReference; lastKnownFileType = sourcecode.swift; path = AccountView.swift; sourceTree = "<group>"; };
		DDA617FB2AE1F2C4009C4EFA /* RoutineStep.swift */ = {isa = PBXFileReference; lastKnownFileType = sourcecode.swift; path = RoutineStep.swift; sourceTree = "<group>"; };
		DDA617FF2AECB22B009C4EFA /* ClockworkTabView.swift */ = {isa = PBXFileReference; lastKnownFileType = sourcecode.swift; path = ClockworkTabView.swift; sourceTree = "<group>"; };
		DDA618012AECB31E009C4EFA /* MorningRoutineView.swift */ = {isa = PBXFileReference; lastKnownFileType = sourcecode.swift; path = MorningRoutineView.swift; sourceTree = "<group>"; };
		DDA618032AECB34C009C4EFA /* NightRoutineView.swift */ = {isa = PBXFileReference; lastKnownFileType = sourcecode.swift; path = NightRoutineView.swift; sourceTree = "<group>"; };
		DDBA34382A6ECF7700114F84 /* Clockwork.app */ = {isa = PBXFileReference; explicitFileType = wrapper.application; includeInIndex = 0; path = Clockwork.app; sourceTree = BUILT_PRODUCTS_DIR; };
		DDBA343D2A6ECF7700114F84 /* ContentView.swift */ = {isa = PBXFileReference; lastKnownFileType = sourcecode.swift; path = ContentView.swift; sourceTree = "<group>"; };
		DDBA343F2A6ECF7900114F84 /* Assets.xcassets */ = {isa = PBXFileReference; lastKnownFileType = folder.assetcatalog; path = Assets.xcassets; sourceTree = "<group>"; };
		DDBA34412A6ECF7900114F84 /* Clockwork.entitlements */ = {isa = PBXFileReference; lastKnownFileType = text.plist.entitlements; path = Clockwork.entitlements; sourceTree = "<group>"; };
		DDBA34432A6ECF7900114F84 /* Preview Assets.xcassets */ = {isa = PBXFileReference; lastKnownFileType = folder.assetcatalog; path = "Preview Assets.xcassets"; sourceTree = "<group>"; };
		DDBA34492A6ECF7900114F84 /* ClockworkTests.xctest */ = {isa = PBXFileReference; explicitFileType = wrapper.cfbundle; includeInIndex = 0; path = ClockworkTests.xctest; sourceTree = BUILT_PRODUCTS_DIR; };
		DDBA344D2A6ECF7900114F84 /* ClockworkTests.swift */ = {isa = PBXFileReference; lastKnownFileType = sourcecode.swift; path = ClockworkTests.swift; sourceTree = "<group>"; };
		DDBA34532A6ECF7900114F84 /* ClockworkUITests.xctest */ = {isa = PBXFileReference; explicitFileType = wrapper.cfbundle; includeInIndex = 0; path = ClockworkUITests.xctest; sourceTree = BUILT_PRODUCTS_DIR; };
		DDBA34572A6ECF7900114F84 /* ClockworkUITests.swift */ = {isa = PBXFileReference; lastKnownFileType = sourcecode.swift; path = ClockworkUITests.swift; sourceTree = "<group>"; };
		DDBA34592A6ECF7900114F84 /* ClockworkUITestsLaunchTests.swift */ = {isa = PBXFileReference; lastKnownFileType = sourcecode.swift; path = ClockworkUITestsLaunchTests.swift; sourceTree = "<group>"; };
		DDBA349D2A72C6A500114F84 /* Login1View.swift */ = {isa = PBXFileReference; lastKnownFileType = sourcecode.swift; path = Login1View.swift; sourceTree = "<group>"; };
/* End PBXFileReference section */

/* Begin PBXFrameworksBuildPhase section */
		DDBA34352A6ECF7700114F84 /* Frameworks */ = {
			isa = PBXFrameworksBuildPhase;
			buildActionMask = 2147483647;
			files = (
			);
			runOnlyForDeploymentPostprocessing = 0;
		};
		DDBA34462A6ECF7900114F84 /* Frameworks */ = {
			isa = PBXFrameworksBuildPhase;
			buildActionMask = 2147483647;
			files = (
			);
			runOnlyForDeploymentPostprocessing = 0;
		};
		DDBA34502A6ECF7900114F84 /* Frameworks */ = {
			isa = PBXFrameworksBuildPhase;
			buildActionMask = 2147483647;
			files = (
			);
			runOnlyForDeploymentPostprocessing = 0;
		};
/* End PBXFrameworksBuildPhase section */

/* Begin PBXGroup section */
		DDBA342F2A6ECF7700114F84 = {
			isa = PBXGroup;
			children = (
				DDA4B31E2AF090F700B6E9C0 /* RoutineStepRowView.swift */,
				DDBA343A2A6ECF7700114F84 /* Clockwork */,
				DDBA344C2A6ECF7900114F84 /* ClockworkTests */,
				DDBA34562A6ECF7900114F84 /* ClockworkUITests */,
				DDBA34392A6ECF7700114F84 /* Products */,
			);
			sourceTree = "<group>";
		};
		DDBA34392A6ECF7700114F84 /* Products */ = {
			isa = PBXGroup;
			children = (
				DDBA34382A6ECF7700114F84 /* Clockwork.app */,
				DDBA34492A6ECF7900114F84 /* ClockworkTests.xctest */,
				DDBA34532A6ECF7900114F84 /* ClockworkUITests.xctest */,
			);
			name = Products;
			sourceTree = "<group>";
		};
		DDBA343A2A6ECF7700114F84 /* Clockwork */ = {
			isa = PBXGroup;
			children = (
				DDA4B31A2AF0779700B6E9C0 /* ClockworkApp.swift */,
				DDA617FF2AECB22B009C4EFA /* ClockworkTabView.swift */,
				DDBA343D2A6ECF7700114F84 /* ContentView.swift */,
				DDBA343F2A6ECF7900114F84 /* Assets.xcassets */,
				DDBA34412A6ECF7900114F84 /* Clockwork.entitlements */,
				DDBA34422A6ECF7900114F84 /* Preview Content */,
				DDBA349D2A72C6A500114F84 /* Login1View.swift */,
				DDA4B3202AF2AF7000B6E9C0 /* Login2.swift */,
				DDA617F52AE1ED93009C4EFA /* AccountView.swift */,
				DD8645D32AD46B0800AE4D0F /* DashboardView.swift */,
				DDA618012AECB31E009C4EFA /* MorningRoutineView.swift */,
				DDA4B31C2AF08AF500B6E9C0 /* RoutineStepCreationView.swift */,
				DDA618032AECB34C009C4EFA /* NightRoutineView.swift */,
				DDA617FB2AE1F2C4009C4EFA /* RoutineStep.swift */,
			);
			path = Clockwork;
			sourceTree = "<group>";
		};
		DDBA34422A6ECF7900114F84 /* Preview Content */ = {
			isa = PBXGroup;
			children = (
				DDBA34432A6ECF7900114F84 /* Preview Assets.xcassets */,
			);
			path = "Preview Content";
			sourceTree = "<group>";
		};
		DDBA344C2A6ECF7900114F84 /* ClockworkTests */ = {
			isa = PBXGroup;
			children = (
				DDBA344D2A6ECF7900114F84 /* ClockworkTests.swift */,
			);
			path = ClockworkTests;
			sourceTree = "<group>";
		};
		DDBA34562A6ECF7900114F84 /* ClockworkUITests */ = {
			isa = PBXGroup;
			children = (
				DDBA34572A6ECF7900114F84 /* ClockworkUITests.swift */,
				DDBA34592A6ECF7900114F84 /* ClockworkUITestsLaunchTests.swift */,
			);
			path = ClockworkUITests;
			sourceTree = "<group>";
		};
/* End PBXGroup section */

/* Begin PBXNativeTarget section */
		DDBA34372A6ECF7700114F84 /* Clockwork */ = {
			isa = PBXNativeTarget;
			buildConfigurationList = DDBA345D2A6ECF7900114F84 /* Build configuration list for PBXNativeTarget "Clockwork" */;
			buildPhases = (
				DDBA34342A6ECF7700114F84 /* Sources */,
				DDBA34352A6ECF7700114F84 /* Frameworks */,
				DDBA34362A6ECF7700114F84 /* Resources */,
			);
			buildRules = (
			);
			dependencies = (
			);
			name = Clockwork;
			productName = Clockwork;
			productReference = DDBA34382A6ECF7700114F84 /* Clockwork.app */;
			productType = "com.apple.product-type.application";
		};
		DDBA34482A6ECF7900114F84 /* ClockworkTests */ = {
			isa = PBXNativeTarget;
			buildConfigurationList = DDBA34602A6ECF7900114F84 /* Build configuration list for PBXNativeTarget "ClockworkTests" */;
			buildPhases = (
				DDBA34452A6ECF7900114F84 /* Sources */,
				DDBA34462A6ECF7900114F84 /* Frameworks */,
				DDBA34472A6ECF7900114F84 /* Resources */,
			);
			buildRules = (
			);
			dependencies = (
				DDBA344B2A6ECF7900114F84 /* PBXTargetDependency */,
			);
			name = ClockworkTests;
			productName = ClockworkTests;
			productReference = DDBA34492A6ECF7900114F84 /* ClockworkTests.xctest */;
			productType = "com.apple.product-type.bundle.unit-test";
		};
		DDBA34522A6ECF7900114F84 /* ClockworkUITests */ = {
			isa = PBXNativeTarget;
			buildConfigurationList = DDBA34632A6ECF7900114F84 /* Build configuration list for PBXNativeTarget "ClockworkUITests" */;
			buildPhases = (
				DDBA344F2A6ECF7900114F84 /* Sources */,
				DDBA34502A6ECF7900114F84 /* Frameworks */,
				DDBA34512A6ECF7900114F84 /* Resources */,
			);
			buildRules = (
			);
			dependencies = (
				DDBA34552A6ECF7900114F84 /* PBXTargetDependency */,
			);
			name = ClockworkUITests;
			productName = ClockworkUITests;
			productReference = DDBA34532A6ECF7900114F84 /* ClockworkUITests.xctest */;
			productType = "com.apple.product-type.bundle.ui-testing";
		};
/* End PBXNativeTarget section */

/* Begin PBXProject section */
		DDBA34302A6ECF7700114F84 /* Project object */ = {
			isa = PBXProject;
			attributes = {
				BuildIndependentTargetsInParallel = 1;
				LastSwiftUpdateCheck = 1430;
				LastUpgradeCheck = 1430;
				TargetAttributes = {
					DDBA34372A6ECF7700114F84 = {
						CreatedOnToolsVersion = 14.3.1;
					};
					DDBA34482A6ECF7900114F84 = {
						CreatedOnToolsVersion = 14.3.1;
						TestTargetID = DDBA34372A6ECF7700114F84;
					};
					DDBA34522A6ECF7900114F84 = {
						CreatedOnToolsVersion = 14.3.1;
						TestTargetID = DDBA34372A6ECF7700114F84;
					};
				};
			};
			buildConfigurationList = DDBA34332A6ECF7700114F84 /* Build configuration list for PBXProject "Clockwork" */;
			compatibilityVersion = "Xcode 14.0";
			developmentRegion = en;
			hasScannedForEncodings = 0;
			knownRegions = (
				en,
				Base,
			);
			mainGroup = DDBA342F2A6ECF7700114F84;
			productRefGroup = DDBA34392A6ECF7700114F84 /* Products */;
			projectDirPath = "";
			projectRoot = "";
			targets = (
				DDBA34372A6ECF7700114F84 /* Clockwork */,
				DDBA34482A6ECF7900114F84 /* ClockworkTests */,
				DDBA34522A6ECF7900114F84 /* ClockworkUITests */,
			);
		};
/* End PBXProject section */

/* Begin PBXResourcesBuildPhase section */
		DDBA34362A6ECF7700114F84 /* Resources */ = {
			isa = PBXResourcesBuildPhase;
			buildActionMask = 2147483647;
			files = (
				DDBA34442A6ECF7900114F84 /* Preview Assets.xcassets in Resources */,
				DDBA34402A6ECF7900114F84 /* Assets.xcassets in Resources */,
			);
			runOnlyForDeploymentPostprocessing = 0;
		};
		DDBA34472A6ECF7900114F84 /* Resources */ = {
			isa = PBXResourcesBuildPhase;
			buildActionMask = 2147483647;
			files = (
			);
			runOnlyForDeploymentPostprocessing = 0;
		};
		DDBA34512A6ECF7900114F84 /* Resources */ = {
			isa = PBXResourcesBuildPhase;
			buildActionMask = 2147483647;
			files = (
			);
			runOnlyForDeploymentPostprocessing = 0;
		};
/* End PBXResourcesBuildPhase section */

/* Begin PBXSourcesBuildPhase section */
		DDBA34342A6ECF7700114F84 /* Sources */ = {
			isa = PBXSourcesBuildPhase;
			buildActionMask = 2147483647;
			files = (
				DDA4B31F2AF090F700B6E9C0 /* RoutineStepRowView.swift in Sources */,
				DDA4B31D2AF08AF500B6E9C0 /* RoutineStepCreationView.swift in Sources */,
				DDBA343E2A6ECF7700114F84 /* ContentView.swift in Sources */,
				DDA618042AECB34C009C4EFA /* NightRoutineView.swift in Sources */,
				DD8645D42AD46B0800AE4D0F /* DashboardView.swift in Sources */,
				DDBA349E2A72C6A500114F84 /* Login1View.swift in Sources */,
				DDA4B3212AF2AF7000B6E9C0 /* Login2.swift in Sources */,
				DDA617FC2AE1F2C4009C4EFA /* RoutineStep.swift in Sources */,
				DDA618002AECB22B009C4EFA /* ClockworkTabView.swift in Sources */,
				DDA618022AECB31E009C4EFA /* MorningRoutineView.swift in Sources */,
				DDA617F62AE1ED93009C4EFA /* AccountView.swift in Sources */,
				DDA4B31B2AF0779700B6E9C0 /* ClockworkApp.swift in Sources */,
			);
			runOnlyForDeploymentPostprocessing = 0;
		};
		DDBA34452A6ECF7900114F84 /* Sources */ = {
			isa = PBXSourcesBuildPhase;
			buildActionMask = 2147483647;
			files = (
				DDBA344E2A6ECF7900114F84 /* ClockworkTests.swift in Sources */,
			);
			runOnlyForDeploymentPostprocessing = 0;
		};
		DDBA344F2A6ECF7900114F84 /* Sources */ = {
			isa = PBXSourcesBuildPhase;
			buildActionMask = 2147483647;
			files = (
				DDBA345A2A6ECF7900114F84 /* ClockworkUITestsLaunchTests.swift in Sources */,
				DDBA34582A6ECF7900114F84 /* ClockworkUITests.swift in Sources */,
			);
			runOnlyForDeploymentPostprocessing = 0;
		};
/* End PBXSourcesBuildPhase section */

/* Begin PBXTargetDependency section */
		DDBA344B2A6ECF7900114F84 /* PBXTargetDependency */ = {
			isa = PBXTargetDependency;
			target = DDBA34372A6ECF7700114F84 /* Clockwork */;
			targetProxy = DDBA344A2A6ECF7900114F84 /* PBXContainerItemProxy */;
		};
		DDBA34552A6ECF7900114F84 /* PBXTargetDependency */ = {
			isa = PBXTargetDependency;
			target = DDBA34372A6ECF7700114F84 /* Clockwork */;
			targetProxy = DDBA34542A6ECF7900114F84 /* PBXContainerItemProxy */;
		};
/* End PBXTargetDependency section */

/* Begin XCBuildConfiguration section */
		DDBA345B2A6ECF7900114F84 /* Debug */ = {
			isa = XCBuildConfiguration;
			buildSettings = {
				ALWAYS_SEARCH_USER_PATHS = NO;
				CLANG_ANALYZER_NONNULL = YES;
				CLANG_ANALYZER_NUMBER_OBJECT_CONVERSION = YES_AGGRESSIVE;
				CLANG_CXX_LANGUAGE_STANDARD = "gnu++20";
				CLANG_ENABLE_MODULES = YES;
				CLANG_ENABLE_OBJC_ARC = YES;
				CLANG_ENABLE_OBJC_WEAK = YES;
				CLANG_WARN_BLOCK_CAPTURE_AUTORELEASING = YES;
				CLANG_WARN_BOOL_CONVERSION = YES;
				CLANG_WARN_COMMA = YES;
				CLANG_WARN_CONSTANT_CONVERSION = YES;
				CLANG_WARN_DEPRECATED_OBJC_IMPLEMENTATIONS = YES;
				CLANG_WARN_DIRECT_OBJC_ISA_USAGE = YES_ERROR;
				CLANG_WARN_DOCUMENTATION_COMMENTS = YES;
				CLANG_WARN_EMPTY_BODY = YES;
				CLANG_WARN_ENUM_CONVERSION = YES;
				CLANG_WARN_INFINITE_RECURSION = YES;
				CLANG_WARN_INT_CONVERSION = YES;
				CLANG_WARN_NON_LITERAL_NULL_CONVERSION = YES;
				CLANG_WARN_OBJC_IMPLICIT_RETAIN_SELF = YES;
				CLANG_WARN_OBJC_LITERAL_CONVERSION = YES;
				CLANG_WARN_OBJC_ROOT_CLASS = YES_ERROR;
				CLANG_WARN_QUOTED_INCLUDE_IN_FRAMEWORK_HEADER = YES;
				CLANG_WARN_RANGE_LOOP_ANALYSIS = YES;
				CLANG_WARN_STRICT_PROTOTYPES = YES;
				CLANG_WARN_SUSPICIOUS_MOVE = YES;
				CLANG_WARN_UNGUARDED_AVAILABILITY = YES_AGGRESSIVE;
				CLANG_WARN_UNREACHABLE_CODE = YES;
				CLANG_WARN__DUPLICATE_METHOD_MATCH = YES;
				COPY_PHASE_STRIP = NO;
				DEBUG_INFORMATION_FORMAT = dwarf;
				ENABLE_STRICT_OBJC_MSGSEND = YES;
				ENABLE_TESTABILITY = YES;
				GCC_C_LANGUAGE_STANDARD = gnu11;
				GCC_DYNAMIC_NO_PIC = NO;
				GCC_NO_COMMON_BLOCKS = YES;
				GCC_OPTIMIZATION_LEVEL = 0;
				GCC_PREPROCESSOR_DEFINITIONS = (
					"DEBUG=1",
					"$(inherited)",
				);
				GCC_WARN_64_TO_32_BIT_CONVERSION = YES;
				GCC_WARN_ABOUT_RETURN_TYPE = YES_ERROR;
				GCC_WARN_UNDECLARED_SELECTOR = YES;
				GCC_WARN_UNINITIALIZED_AUTOS = YES_AGGRESSIVE;
				GCC_WARN_UNUSED_FUNCTION = YES;
				GCC_WARN_UNUSED_VARIABLE = YES;
				MTL_ENABLE_DEBUG_INFO = INCLUDE_SOURCE;
				MTL_FAST_MATH = YES;
				ONLY_ACTIVE_ARCH = YES;
				SWIFT_ACTIVE_COMPILATION_CONDITIONS = DEBUG;
				SWIFT_OPTIMIZATION_LEVEL = "-Onone";
			};
			name = Debug;
		};
		DDBA345C2A6ECF7900114F84 /* Release */ = {
			isa = XCBuildConfiguration;
			buildSettings = {
				ALWAYS_SEARCH_USER_PATHS = NO;
				CLANG_ANALYZER_NONNULL = YES;
				CLANG_ANALYZER_NUMBER_OBJECT_CONVERSION = YES_AGGRESSIVE;
				CLANG_CXX_LANGUAGE_STANDARD = "gnu++20";
				CLANG_ENABLE_MODULES = YES;
				CLANG_ENABLE_OBJC_ARC = YES;
				CLANG_ENABLE_OBJC_WEAK = YES;
				CLANG_WARN_BLOCK_CAPTURE_AUTORELEASING = YES;
				CLANG_WARN_BOOL_CONVERSION = YES;
				CLANG_WARN_COMMA = YES;
				CLANG_WARN_CONSTANT_CONVERSION = YES;
				CLANG_WARN_DEPRECATED_OBJC_IMPLEMENTATIONS = YES;
				CLANG_WARN_DIRECT_OBJC_ISA_USAGE = YES_ERROR;
				CLANG_WARN_DOCUMENTATION_COMMENTS = YES;
				CLANG_WARN_EMPTY_BODY = YES;
				CLANG_WARN_ENUM_CONVERSION = YES;
				CLANG_WARN_INFINITE_RECURSION = YES;
				CLANG_WARN_INT_CONVERSION = YES;
				CLANG_WARN_NON_LITERAL_NULL_CONVERSION = YES;
				CLANG_WARN_OBJC_IMPLICIT_RETAIN_SELF = YES;
				CLANG_WARN_OBJC_LITERAL_CONVERSION = YES;
				CLANG_WARN_OBJC_ROOT_CLASS = YES_ERROR;
				CLANG_WARN_QUOTED_INCLUDE_IN_FRAMEWORK_HEADER = YES;
				CLANG_WARN_RANGE_LOOP_ANALYSIS = YES;
				CLANG_WARN_STRICT_PROTOTYPES = YES;
				CLANG_WARN_SUSPICIOUS_MOVE = YES;
				CLANG_WARN_UNGUARDED_AVAILABILITY = YES_AGGRESSIVE;
				CLANG_WARN_UNREACHABLE_CODE = YES;
				CLANG_WARN__DUPLICATE_METHOD_MATCH = YES;
				COPY_PHASE_STRIP = NO;
				DEBUG_INFORMATION_FORMAT = "dwarf-with-dsym";
				ENABLE_NS_ASSERTIONS = NO;
				ENABLE_STRICT_OBJC_MSGSEND = YES;
				GCC_C_LANGUAGE_STANDARD = gnu11;
				GCC_NO_COMMON_BLOCKS = YES;
				GCC_WARN_64_TO_32_BIT_CONVERSION = YES;
				GCC_WARN_ABOUT_RETURN_TYPE = YES_ERROR;
				GCC_WARN_UNDECLARED_SELECTOR = YES;
				GCC_WARN_UNINITIALIZED_AUTOS = YES_AGGRESSIVE;
				GCC_WARN_UNUSED_FUNCTION = YES;
				GCC_WARN_UNUSED_VARIABLE = YES;
				MTL_ENABLE_DEBUG_INFO = NO;
				MTL_FAST_MATH = YES;
				SWIFT_COMPILATION_MODE = wholemodule;
				SWIFT_OPTIMIZATION_LEVEL = "-O";
			};
			name = Release;
		};
		DDBA345E2A6ECF7900114F84 /* Debug */ = {
			isa = XCBuildConfiguration;
			buildSettings = {
				ASSETCATALOG_COMPILER_APPICON_NAME = AppIcon;
				ASSETCATALOG_COMPILER_GLOBAL_ACCENT_COLOR_NAME = AccentColor;
				CODE_SIGN_ENTITLEMENTS = Clockwork/Clockwork.entitlements;
				CODE_SIGN_STYLE = Automatic;
				CURRENT_PROJECT_VERSION = 1;
				DEVELOPMENT_ASSET_PATHS = "\"Clockwork/Preview Content\"";
				ENABLE_PREVIEWS = YES;
				GENERATE_INFOPLIST_FILE = YES;
				INFOPLIST_KEY_LSApplicationCategoryType = "public.app-category.lifestyle";
				"INFOPLIST_KEY_UIApplicationSceneManifest_Generation[sdk=iphoneos*]" = YES;
				"INFOPLIST_KEY_UIApplicationSceneManifest_Generation[sdk=iphonesimulator*]" = YES;
				"INFOPLIST_KEY_UIApplicationSupportsIndirectInputEvents[sdk=iphoneos*]" = YES;
				"INFOPLIST_KEY_UIApplicationSupportsIndirectInputEvents[sdk=iphonesimulator*]" = YES;
				"INFOPLIST_KEY_UILaunchScreen_Generation[sdk=iphoneos*]" = YES;
				"INFOPLIST_KEY_UILaunchScreen_Generation[sdk=iphonesimulator*]" = YES;
				"INFOPLIST_KEY_UIStatusBarStyle[sdk=iphoneos*]" = UIStatusBarStyleDefault;
				"INFOPLIST_KEY_UIStatusBarStyle[sdk=iphonesimulator*]" = UIStatusBarStyleDefault;
				INFOPLIST_KEY_UISupportedInterfaceOrientations = UIInterfaceOrientationPortrait;
				IPHONEOS_DEPLOYMENT_TARGET = 16.4;
				LD_RUNPATH_SEARCH_PATHS = "@executable_path/Frameworks";
				"LD_RUNPATH_SEARCH_PATHS[sdk=macosx*]" = "@executable_path/../Frameworks";
				MACOSX_DEPLOYMENT_TARGET = 13.0;
				MARKETING_VERSION = 1.0;
				PRODUCT_BUNDLE_IDENTIFIER = com.CongressionalApp2023.Clockwork;
				PRODUCT_NAME = "$(TARGET_NAME)";
				SDKROOT = auto;
				SUPPORTED_PLATFORMS = "iphoneos iphonesimulator";
				SUPPORTS_MACCATALYST = NO;
				SUPPORTS_MAC_DESIGNED_FOR_IPHONE_IPAD = NO;
				SWIFT_EMIT_LOC_STRINGS = YES;
				SWIFT_VERSION = 5.0;
				TARGETED_DEVICE_FAMILY = "1,2";
			};
			name = Debug;
		};
		DDBA345F2A6ECF7900114F84 /* Release */ = {
			isa = XCBuildConfiguration;
			buildSettings = {
				ASSETCATALOG_COMPILER_APPICON_NAME = AppIcon;
				ASSETCATALOG_COMPILER_GLOBAL_ACCENT_COLOR_NAME = AccentColor;
				CODE_SIGN_ENTITLEMENTS = Clockwork/Clockwork.entitlements;
				CODE_SIGN_STYLE = Automatic;
				CURRENT_PROJECT_VERSION = 1;
				DEVELOPMENT_ASSET_PATHS = "\"Clockwork/Preview Content\"";
				ENABLE_PREVIEWS = YES;
				GENERATE_INFOPLIST_FILE = YES;
				INFOPLIST_KEY_LSApplicationCategoryType = "public.app-category.lifestyle";
				"INFOPLIST_KEY_UIApplicationSceneManifest_Generation[sdk=iphoneos*]" = YES;
				"INFOPLIST_KEY_UIApplicationSceneManifest_Generation[sdk=iphonesimulator*]" = YES;
				"INFOPLIST_KEY_UIApplicationSupportsIndirectInputEvents[sdk=iphoneos*]" = YES;
				"INFOPLIST_KEY_UIApplicationSupportsIndirectInputEvents[sdk=iphonesimulator*]" = YES;
				"INFOPLIST_KEY_UILaunchScreen_Generation[sdk=iphoneos*]" = YES;
				"INFOPLIST_KEY_UILaunchScreen_Generation[sdk=iphonesimulator*]" = YES;
				"INFOPLIST_KEY_UIStatusBarStyle[sdk=iphoneos*]" = UIStatusBarStyleDefault;
				"INFOPLIST_KEY_UIStatusBarStyle[sdk=iphonesimulator*]" = UIStatusBarStyleDefault;
				INFOPLIST_KEY_UISupportedInterfaceOrientations = UIInterfaceOrientationPortrait;
				IPHONEOS_DEPLOYMENT_TARGET = 16.4;
				LD_RUNPATH_SEARCH_PATHS = "@executable_path/Frameworks";
				"LD_RUNPATH_SEARCH_PATHS[sdk=macosx*]" = "@executable_path/../Frameworks";
				MACOSX_DEPLOYMENT_TARGET = 13.0;
				MARKETING_VERSION = 1.0;
				PRODUCT_BUNDLE_IDENTIFIER = com.CongressionalApp2023.Clockwork;
				PRODUCT_NAME = "$(TARGET_NAME)";
				SDKROOT = auto;
				SUPPORTED_PLATFORMS = "iphoneos iphonesimulator";
				SUPPORTS_MACCATALYST = NO;
				SUPPORTS_MAC_DESIGNED_FOR_IPHONE_IPAD = NO;
				SWIFT_EMIT_LOC_STRINGS = YES;
				SWIFT_VERSION = 5.0;
				TARGETED_DEVICE_FAMILY = "1,2";
			};
			name = Release;
		};
		DDBA34612A6ECF7900114F84 /* Debug */ = {
			isa = XCBuildConfiguration;
			buildSettings = {
				ALWAYS_EMBED_SWIFT_STANDARD_LIBRARIES = YES;
				BUNDLE_LOADER = "$(TEST_HOST)";
				CODE_SIGN_STYLE = Automatic;
				CURRENT_PROJECT_VERSION = 1;
				GENERATE_INFOPLIST_FILE = YES;
				IPHONEOS_DEPLOYMENT_TARGET = 16.4;
				MACOSX_DEPLOYMENT_TARGET = 13.0;
				MARKETING_VERSION = 1.0;
				PRODUCT_BUNDLE_IDENTIFIER = com.CongressionalApp2023.ClockworkTests;
				PRODUCT_NAME = "$(TARGET_NAME)";
				SDKROOT = auto;
				SUPPORTED_PLATFORMS = "iphoneos iphonesimulator macosx";
				SWIFT_EMIT_LOC_STRINGS = NO;
				SWIFT_VERSION = 5.0;
				TARGETED_DEVICE_FAMILY = "1,2";
				TEST_HOST = "$(BUILT_PRODUCTS_DIR)/Clockwork.app/$(BUNDLE_EXECUTABLE_FOLDER_PATH)/Clockwork";
			};
			name = Debug;
		};
		DDBA34622A6ECF7900114F84 /* Release */ = {
			isa = XCBuildConfiguration;
			buildSettings = {
				ALWAYS_EMBED_SWIFT_STANDARD_LIBRARIES = YES;
				BUNDLE_LOADER = "$(TEST_HOST)";
				CODE_SIGN_STYLE = Automatic;
				CURRENT_PROJECT_VERSION = 1;
				GENERATE_INFOPLIST_FILE = YES;
				IPHONEOS_DEPLOYMENT_TARGET = 16.4;
				MACOSX_DEPLOYMENT_TARGET = 13.0;
				MARKETING_VERSION = 1.0;
				PRODUCT_BUNDLE_IDENTIFIER = com.CongressionalApp2023.ClockworkTests;
				PRODUCT_NAME = "$(TARGET_NAME)";
				SDKROOT = auto;
				SUPPORTED_PLATFORMS = "iphoneos iphonesimulator macosx";
				SWIFT_EMIT_LOC_STRINGS = NO;
				SWIFT_VERSION = 5.0;
				TARGETED_DEVICE_FAMILY = "1,2";
				TEST_HOST = "$(BUILT_PRODUCTS_DIR)/Clockwork.app/$(BUNDLE_EXECUTABLE_FOLDER_PATH)/Clockwork";
			};
			name = Release;
		};
		DDBA34642A6ECF7900114F84 /* Debug */ = {
			isa = XCBuildConfiguration;
			buildSettings = {
				ALWAYS_EMBED_SWIFT_STANDARD_LIBRARIES = YES;
				CODE_SIGN_STYLE = Automatic;
				CURRENT_PROJECT_VERSION = 1;
				GENERATE_INFOPLIST_FILE = YES;
				IPHONEOS_DEPLOYMENT_TARGET = 16.4;
				MACOSX_DEPLOYMENT_TARGET = 13.0;
				MARKETING_VERSION = 1.0;
				PRODUCT_BUNDLE_IDENTIFIER = com.CongressionalApp2023.ClockworkUITests;
				PRODUCT_NAME = "$(TARGET_NAME)";
				SDKROOT = auto;
				SUPPORTED_PLATFORMS = "iphoneos iphonesimulator macosx";
				SWIFT_EMIT_LOC_STRINGS = NO;
				SWIFT_VERSION = 5.0;
				TARGETED_DEVICE_FAMILY = "1,2";
				TEST_TARGET_NAME = Clockwork;
			};
			name = Debug;
		};
		DDBA34652A6ECF7900114F84 /* Release */ = {
			isa = XCBuildConfiguration;
			buildSettings = {
				ALWAYS_EMBED_SWIFT_STANDARD_LIBRARIES = YES;
				CODE_SIGN_STYLE = Automatic;
				CURRENT_PROJECT_VERSION = 1;
				GENERATE_INFOPLIST_FILE = YES;
				IPHONEOS_DEPLOYMENT_TARGET = 16.4;
				MACOSX_DEPLOYMENT_TARGET = 13.0;
				MARKETING_VERSION = 1.0;
				PRODUCT_BUNDLE_IDENTIFIER = com.CongressionalApp2023.ClockworkUITests;
				PRODUCT_NAME = "$(TARGET_NAME)";
				SDKROOT = auto;
				SUPPORTED_PLATFORMS = "iphoneos iphonesimulator macosx";
				SWIFT_EMIT_LOC_STRINGS = NO;
				SWIFT_VERSION = 5.0;
				TARGETED_DEVICE_FAMILY = "1,2";
				TEST_TARGET_NAME = Clockwork;
			};
			name = Release;
		};
/* End XCBuildConfiguration section */

/* Begin XCConfigurationList section */
		DDBA34332A6ECF7700114F84 /* Build configuration list for PBXProject "Clockwork" */ = {
			isa = XCConfigurationList;
			buildConfigurations = (
				DDBA345B2A6ECF7900114F84 /* Debug */,
				DDBA345C2A6ECF7900114F84 /* Release */,
			);
			defaultConfigurationIsVisible = 0;
			defaultConfigurationName = Release;
		};
		DDBA345D2A6ECF7900114F84 /* Build configuration list for PBXNativeTarget "Clockwork" */ = {
			isa = XCConfigurationList;
			buildConfigurations = (
				DDBA345E2A6ECF7900114F84 /* Debug */,
				DDBA345F2A6ECF7900114F84 /* Release */,
			);
			defaultConfigurationIsVisible = 0;
			defaultConfigurationName = Release;
		};
		DDBA34602A6ECF7900114F84 /* Build configuration list for PBXNativeTarget "ClockworkTests" */ = {
			isa = XCConfigurationList;
			buildConfigurations = (
				DDBA34612A6ECF7900114F84 /* Debug */,
				DDBA34622A6ECF7900114F84 /* Release */,
			);
			defaultConfigurationIsVisible = 0;
			defaultConfigurationName = Release;
		};
		DDBA34632A6ECF7900114F84 /* Build configuration list for PBXNativeTarget "ClockworkUITests" */ = {
			isa = XCConfigurationList;
			buildConfigurations = (
				DDBA34642A6ECF7900114F84 /* Debug */,
				DDBA34652A6ECF7900114F84 /* Release */,
			);
			defaultConfigurationIsVisible = 0;
			defaultConfigurationName = Release;
		};
/* End XCConfigurationList section */
	};
	rootObject = DDBA34302A6ECF7700114F84 /* Project object */;
}
